{
  "name": "sacha",
  "version": "0.0.1",
  "lockfileVersion": 2,
  "requires": true,
  "packages": {
    "": {
      "name": "sacha",
      "version": "0.0.1",
      "dependencies": {
        "anitomyscript": "^2.0.4"
      }
    },
    "node_modules/anitomyscript": {
      "version": "2.0.4",
      "resolved": "https://registry.npmjs.org/anitomyscript/-/anitomyscript-2.0.4.tgz",
      "integrity": "sha512-7LJ+td+POitox9fchXpNP0IydmsuODP+q8pgVeFhiYESNFPKWA+QH5IIIk+pZA9JYao7xTP7b1mXooL3I1XOFQ=="
    }
  },
  "dependencies": {
    "anitomyscript": {
      "version": "2.0.4",
      "resolved": "https://registry.npmjs.org/anitomyscript/-/anitomyscript-2.0.4.tgz",
      "integrity": "sha512-7LJ+td+POitox9fchXpNP0IydmsuODP+q8pgVeFhiYESNFPKWA+QH5IIIk+pZA9JYao7xTP7b1mXooL3I1XOFQ=="
    }
  }
}
